
Microsoft Visual Studio Solution File, Format Version 12.00
# Visual Studio 15
VisualStudioVersion = 15.0.26730.8
MinimumVisualStudioVersion = 10.0.40219.1
Project("{FAE04EC0-301F-11D3-BF4B-00C04F79EFBC}") = "Products.Android", "Products\Products.Android\Products.Android.csproj", "{622A05BB-CCF9-43E9-B007-767D56DFD605}"
EndProject
Project("{FAE04EC0-301F-11D3-BF4B-00C04F79EFBC}") = "Products", "Products\Products\Products.csproj", "{4C3F7A7B-F93E-46FE-9E6C-B867C10F22FC}"
EndProject
Project("{FAE04EC0-301F-11D3-BF4B-00C04F79EFBC}") = "Products.UWP", "Products\Products.UWP\Products.UWP.csproj", "{8E5011E4-2895-4873-9EA8-6BD8BA959C28}"
EndProject
Project("{FAE04EC0-301F-11D3-BF4B-00C04F79EFBC}") = "Products.iOS", "Products\Products.iOS\Products.iOS.csproj", "{B2EF66F0-6128-44F9-A052-DCA5D49CD420}"
EndProject
Project("{FAE04EC0-301F-11D3-BF4B-00C04F79EFBC}") = "Products.Domain", "Products.Domain\Products.Domain.csproj", "{79689713-3A51-42D0-B1FA-F3C4F9B064D8}"
EndProject
Project("{FAE04EC0-301F-11D3-BF4B-00C04F79EFBC}") = "Products.Backend", "Products.Backend\Products.Backend.csproj", "{5218FB10-1EE7-48E6-83DE-BB8E7F9BDF94}"
EndProject
Project("{FAE04EC0-301F-11D3-BF4B-00C04F79EFBC}") = "Products.API", "Products.API\Products.API.csproj", "{C5E90A71-5E7E-4978-AEEE-D1218FECDE39}"
EndProject
Global
	GlobalSection(SolutionConfigurationPlatforms) = preSolution
		Ad-Hoc|Any CPU = Ad-Hoc|Any CPU
		Ad-Hoc|ARM = Ad-Hoc|ARM
		Ad-Hoc|iPhone = Ad-Hoc|iPhone
		Ad-Hoc|iPhoneSimulator = Ad-Hoc|iPhoneSimulator
		Ad-Hoc|x64 = Ad-Hoc|x64
		Ad-Hoc|x86 = Ad-Hoc|x86
		AppStore|Any CPU = AppStore|Any CPU
		AppStore|ARM = AppStore|ARM
		AppStore|iPhone = AppStore|iPhone
		AppStore|iPhoneSimulator = AppStore|iPhoneSimulator
		AppStore|x64 = AppStore|x64
		AppStore|x86 = AppStore|x86
		Debug|Any CPU = Debug|Any CPU
		Debug|ARM = Debug|ARM
		Debug|iPhone = Debug|iPhone
		Debug|iPhoneSimulator = Debug|iPhoneSimulator
		Debug|x64 = Debug|x64
		Debug|x86 = Debug|x86
		Release|Any CPU = Release|Any CPU
		Release|ARM = Release|ARM
		Release|iPhone = Release|iPhone
		Release|iPhoneSimulator = Release|iPhoneSimulator
		Release|x64 = Release|x64
		Release|x86 = Release|x86
	EndGlobalSection
	GlobalSection(ProjectConfigurationPlatforms) = postSolution
		{622A05BB-CCF9-43E9-B007-767D56DFD605}.Ad-Hoc|Any CPU.ActiveCfg = Release|Any CPU
		{622A05BB-CCF9-43E9-B007-767D56DFD605}.Ad-Hoc|Any CPU.Build.0 = Release|Any CPU
		{622A05BB-CCF9-43E9-B007-767D56DFD605}.Ad-Hoc|Any CPU.Deploy.0 = Release|Any CPU
		{622A05BB-CCF9-43E9-B007-767D56DFD605}.Ad-Hoc|ARM.ActiveCfg = Release|Any CPU
		{622A05BB-CCF9-43E9-B007-767D56DFD605}.Ad-Hoc|ARM.Build.0 = Release|Any CPU
		{622A05BB-CCF9-43E9-B007-767D56DFD605}.Ad-Hoc|ARM.Deploy.0 = Release|Any CPU
		{622A05BB-CCF9-43E9-B007-767D56DFD605}.Ad-Hoc|iPhone.ActiveCfg = Release|Any CPU
		{622A05BB-CCF9-43E9-B007-767D56DFD605}.Ad-Hoc|iPhone.Build.0 = Release|Any CPU
		{622A05BB-CCF9-43E9-B007-767D56DFD605}.Ad-Hoc|iPhone.Deploy.0 = Release|Any CPU
		{622A05BB-CCF9-43E9-B007-767D56DFD605}.Ad-Hoc|iPhoneSimulator.ActiveCfg = Release|Any CPU
		{622A05BB-CCF9-43E9-B007-767D56DFD605}.Ad-Hoc|iPhoneSimulator.Build.0 = Release|Any CPU
		{622A05BB-CCF9-43E9-B007-767D56DFD605}.Ad-Hoc|iPhoneSimulator.Deploy.0 = Release|Any CPU
		{622A05BB-CCF9-43E9-B007-767D56DFD605}.Ad-Hoc|x64.ActiveCfg = Release|Any CPU
		{622A05BB-CCF9-43E9-B007-767D56DFD605}.Ad-Hoc|x64.Build.0 = Release|Any CPU
		{622A05BB-CCF9-43E9-B007-767D56DFD605}.Ad-Hoc|x64.Deploy.0 = Release|Any CPU
		{622A05BB-CCF9-43E9-B007-767D56DFD605}.Ad-Hoc|x86.ActiveCfg = Release|Any CPU
		{622A05BB-CCF9-43E9-B007-767D56DFD605}.Ad-Hoc|x86.Build.0 = Release|Any CPU
		{622A05BB-CCF9-43E9-B007-767D56DFD605}.Ad-Hoc|x86.Deploy.0 = Release|Any CPU
		{622A05BB-CCF9-43E9-B007-767D56DFD605}.AppStore|Any CPU.ActiveCfg = Release|Any CPU
		{622A05BB-CCF9-43E9-B007-767D56DFD605}.AppStore|Any CPU.Build.0 = Release|Any CPU
		{622A05BB-CCF9-43E9-B007-767D56DFD605}.AppStore|Any CPU.Deploy.0 = Release|Any CPU
		{622A05BB-CCF9-43E9-B007-767D56DFD605}.AppStore|ARM.ActiveCfg = Release|Any CPU
		{622A05BB-CCF9-43E9-B007-767D56DFD605}.AppStore|ARM.Build.0 = Release|Any CPU
		{622A05BB-CCF9-43E9-B007-767D56DFD605}.AppStore|ARM.Deploy.0 = Release|Any CPU
		{622A05BB-CCF9-43E9-B007-767D56DFD605}.AppStore|iPhone.ActiveCfg = Release|Any CPU
		{622A05BB-CCF9-43E9-B007-767D56DFD605}.AppStore|iPhone.Build.0 = Release|Any CPU
		{622A05BB-CCF9-43E9-B007-767D56DFD605}.AppStore|iPhone.Deploy.0 = Release|Any CPU
		{622A05BB-CCF9-43E9-B007-767D56DFD605}.AppStore|iPhoneSimulator.ActiveCfg = Release|Any CPU
		{622A05BB-CCF9-43E9-B007-767D56DFD605}.AppStore|iPhoneSimulator.Build.0 = Release|Any CPU
		{622A05BB-CCF9-43E9-B007-767D56DFD605}.AppStore|iPhoneSimulator.Deploy.0 = Release|Any CPU
		{622A05BB-CCF9-43E9-B007-767D56DFD605}.AppStore|x64.ActiveCfg = Release|Any CPU
		{622A05BB-CCF9-43E9-B007-767D56DFD605}.AppStore|x64.Build.0 = Release|Any CPU
		{622A05BB-CCF9-43E9-B007-767D56DFD605}.AppStore|x64.Deploy.0 = Release|Any CPU
		{622A05BB-CCF9-43E9-B007-767D56DFD605}.AppStore|x86.ActiveCfg = Release|Any CPU
		{622A05BB-CCF9-43E9-B007-767D56DFD605}.AppStore|x86.Build.0 = Release|Any CPU
		{622A05BB-CCF9-43E9-B007-767D56DFD605}.AppStore|x86.Deploy.0 = Release|Any CPU
		{622A05BB-CCF9-43E9-B007-767D56DFD605}.Debug|Any CPU.ActiveCfg = Debug|Any CPU
		{622A05BB-CCF9-43E9-B007-767D56DFD605}.Debug|Any CPU.Build.0 = Debug|Any CPU
		{622A05BB-CCF9-43E9-B007-767D56DFD605}.Debug|Any CPU.Deploy.0 = Debug|Any CPU
		{622A05BB-CCF9-43E9-B007-767D56DFD605}.Debug|ARM.ActiveCfg = Debug|Any CPU
		{622A05BB-CCF9-43E9-B007-767D56DFD605}.Debug|ARM.Build.0 = Debug|Any CPU
		{622A05BB-CCF9-43E9-B007-767D56DFD605}.Debug|ARM.Deploy.0 = Debug|Any CPU
		{622A05BB-CCF9-43E9-B007-767D56DFD605}.Debug|iPhone.ActiveCfg = Debug|Any CPU
		{622A05BB-CCF9-43E9-B007-767D56DFD605}.Debug|iPhone.Build.0 = Debug|Any CPU
		{622A05BB-CCF9-43E9-B007-767D56DFD605}.Debug|iPhone.Deploy.0 = Debug|Any CPU
		{622A05BB-CCF9-43E9-B007-767D56DFD605}.Debug|iPhoneSimulator.ActiveCfg = Debug|Any CPU
		{622A05BB-CCF9-43E9-B007-767D56DFD605}.Debug|iPhoneSimulator.Build.0 = Debug|Any CPU
		{622A05BB-CCF9-43E9-B007-767D56DFD605}.Debug|iPhoneSimulator.Deploy.0 = Debug|Any CPU
		{622A05BB-CCF9-43E9-B007-767D56DFD605}.Debug|x64.ActiveCfg = Debug|Any CPU
		{622A05BB-CCF9-43E9-B007-767D56DFD605}.Debug|x64.Build.0 = Debug|Any CPU
		{622A05BB-CCF9-43E9-B007-767D56DFD605}.Debug|x64.Deploy.0 = Debug|Any CPU
		{622A05BB-CCF9-43E9-B007-767D56DFD605}.Debug|x86.ActiveCfg = Debug|Any CPU
		{622A05BB-CCF9-43E9-B007-767D56DFD605}.Debug|x86.Build.0 = Debug|Any CPU
		{622A05BB-CCF9-43E9-B007-767D56DFD605}.Debug|x86.Deploy.0 = Debug|Any CPU
		{622A05BB-CCF9-43E9-B007-767D56DFD605}.Release|Any CPU.ActiveCfg = Release|Any CPU
		{622A05BB-CCF9-43E9-B007-767D56DFD605}.Release|Any CPU.Build.0 = Release|Any CPU
		{622A05BB-CCF9-43E9-B007-767D56DFD605}.Release|Any CPU.Deploy.0 = Release|Any CPU
		{622A05BB-CCF9-43E9-B007-767D56DFD605}.Release|ARM.ActiveCfg = Release|Any CPU
		{622A05BB-CCF9-43E9-B007-767D56DFD605}.Release|ARM.Build.0 = Release|Any CPU
		{622A05BB-CCF9-43E9-B007-767D56DFD605}.Release|ARM.Deploy.0 = Release|Any CPU
		{622A05BB-CCF9-43E9-B007-767D56DFD605}.Release|iPhone.ActiveCfg = Release|Any CPU
		{622A05BB-CCF9-43E9-B007-767D56DFD605}.Release|iPhone.Build.0 = Release|Any CPU
		{622A05BB-CCF9-43E9-B007-767D56DFD605}.Release|iPhone.Deploy.0 = Release|Any CPU
		{622A05BB-CCF9-43E9-B007-767D56DFD605}.Release|iPhoneSimulator.ActiveCfg = Release|Any CPU
		{622A05BB-CCF9-43E9-B007-767D56DFD605}.Release|iPhoneSimulator.Build.0 = Release|Any CPU
		{622A05BB-CCF9-43E9-B007-767D56DFD605}.Release|iPhoneSimulator.Deploy.0 = Release|Any CPU
		{622A05BB-CCF9-43E9-B007-767D56DFD605}.Release|x64.ActiveCfg = Release|Any CPU
		{622A05BB-CCF9-43E9-B007-767D56DFD605}.Release|x64.Build.0 = Release|Any CPU
		{622A05BB-CCF9-43E9-B007-767D56DFD605}.Release|x64.Deploy.0 = Release|Any CPU
		{622A05BB-CCF9-43E9-B007-767D56DFD605}.Release|x86.ActiveCfg = Release|Any CPU
		{622A05BB-CCF9-43E9-B007-767D56DFD605}.Release|x86.Build.0 = Release|Any CPU
		{622A05BB-CCF9-43E9-B007-767D56DFD605}.Release|x86.Deploy.0 = Release|Any CPU
		{4C3F7A7B-F93E-46FE-9E6C-B867C10F22FC}.Ad-Hoc|Any CPU.ActiveCfg = Release|Any CPU
		{4C3F7A7B-F93E-46FE-9E6C-B867C10F22FC}.Ad-Hoc|Any CPU.Build.0 = Release|Any CPU
		{4C3F7A7B-F93E-46FE-9E6C-B867C10F22FC}.Ad-Hoc|ARM.ActiveCfg = Release|Any CPU
		{4C3F7A7B-F93E-46FE-9E6C-B867C10F22FC}.Ad-Hoc|ARM.Build.0 = Release|Any CPU
		{4C3F7A7B-F93E-46FE-9E6C-B867C10F22FC}.Ad-Hoc|iPhone.ActiveCfg = Release|Any CPU
		{4C3F7A7B-F93E-46FE-9E6C-B867C10F22FC}.Ad-Hoc|iPhone.Build.0 = Release|Any CPU
		{4C3F7A7B-F93E-46FE-9E6C-B867C10F22FC}.Ad-Hoc|iPhoneSimulator.ActiveCfg = Release|Any CPU
		{4C3F7A7B-F93E-46FE-9E6C-B867C10F22FC}.Ad-Hoc|iPhoneSimulator.Build.0 = Release|Any CPU
		{4C3F7A7B-F93E-46FE-9E6C-B867C10F22FC}.Ad-Hoc|x64.ActiveCfg = Release|Any CPU
		{4C3F7A7B-F93E-46FE-9E6C-B867C10F22FC}.Ad-Hoc|x64.Build.0 = Release|Any CPU
		{4C3F7A7B-F93E-46FE-9E6C-B867C10F22FC}.Ad-Hoc|x86.ActiveCfg = Release|Any CPU
		{4C3F7A7B-F93E-46FE-9E6C-B867C10F22FC}.Ad-Hoc|x86.Build.0 = Release|Any CPU
		{4C3F7A7B-F93E-46FE-9E6C-B867C10F22FC}.AppStore|Any CPU.ActiveCfg = Release|Any CPU
		{4C3F7A7B-F93E-46FE-9E6C-B867C10F22FC}.AppStore|Any CPU.Build.0 = Release|Any CPU
		{4C3F7A7B-F93E-46FE-9E6C-B867C10F22FC}.AppStore|ARM.ActiveCfg = Release|Any CPU
		{4C3F7A7B-F93E-46FE-9E6C-B867C10F22FC}.AppStore|ARM.Build.0 = Release|Any CPU
		{4C3F7A7B-F93E-46FE-9E6C-B867C10F22FC}.AppStore|iPhone.ActiveCfg = Release|Any CPU
		{4C3F7A7B-F93E-46FE-9E6C-B867C10F22FC}.AppStore|iPhone.Build.0 = Release|Any CPU
		{4C3F7A7B-F93E-46FE-9E6C-B867C10F22FC}.AppStore|iPhoneSimulator.ActiveCfg = Release|Any CPU
		{4C3F7A7B-F93E-46FE-9E6C-B867C10F22FC}.AppStore|iPhoneSimulator.Build.0 = Release|Any CPU
		{4C3F7A7B-F93E-46FE-9E6C-B867C10F22FC}.AppStore|x64.ActiveCfg = Release|Any CPU
		{4C3F7A7B-F93E-46FE-9E6C-B867C10F22FC}.AppStore|x64.Build.0 = Release|Any CPU
		{4C3F7A7B-F93E-46FE-9E6C-B867C10F22FC}.AppStore|x86.ActiveCfg = Release|Any CPU
		{4C3F7A7B-F93E-46FE-9E6C-B867C10F22FC}.AppStore|x86.Build.0 = Release|Any CPU
		{4C3F7A7B-F93E-46FE-9E6C-B867C10F22FC}.Debug|Any CPU.ActiveCfg = Debug|Any CPU
		{4C3F7A7B-F93E-46FE-9E6C-B867C10F22FC}.Debug|Any CPU.Build.0 = Debug|Any CPU
		{4C3F7A7B-F93E-46FE-9E6C-B867C10F22FC}.Debug|ARM.ActiveCfg = Debug|Any CPU
		{4C3F7A7B-F93E-46FE-9E6C-B867C10F22FC}.Debug|ARM.Build.0 = Debug|Any CPU
		{4C3F7A7B-F93E-46FE-9E6C-B867C10F22FC}.Debug|iPhone.ActiveCfg = Debug|Any CPU
		{4C3F7A7B-F93E-46FE-9E6C-B867C10F22FC}.Debug|iPhone.Build.0 = Debug|Any CPU
		{4C3F7A7B-F93E-46FE-9E6C-B867C10F22FC}.Debug|iPhoneSimulator.ActiveCfg = Debug|Any CPU
		{4C3F7A7B-F93E-46FE-9E6C-B867C10F22FC}.Debug|iPhoneSimulator.Build.0 = Debug|Any CPU
		{4C3F7A7B-F93E-46FE-9E6C-B867C10F22FC}.Debug|x64.ActiveCfg = Debug|Any CPU
		{4C3F7A7B-F93E-46FE-9E6C-B867C10F22FC}.Debug|x64.Build.0 = Debug|Any CPU
		{4C3F7A7B-F93E-46FE-9E6C-B867C10F22FC}.Debug|x86.ActiveCfg = Debug|Any CPU
		{4C3F7A7B-F93E-46FE-9E6C-B867C10F22FC}.Debug|x86.Build.0 = Debug|Any CPU
		{4C3F7A7B-F93E-46FE-9E6C-B867C10F22FC}.Release|Any CPU.ActiveCfg = Release|Any CPU
		{4C3F7A7B-F93E-46FE-9E6C-B867C10F22FC}.Release|Any CPU.Build.0 = Release|Any CPU
		{4C3F7A7B-F93E-46FE-9E6C-B867C10F22FC}.Release|ARM.ActiveCfg = Release|Any CPU
		{4C3F7A7B-F93E-46FE-9E6C-B867C10F22FC}.Release|ARM.Build.0 = Release|Any CPU
		{4C3F7A7B-F93E-46FE-9E6C-B867C10F22FC}.Release|iPhone.ActiveCfg = Release|Any CPU
		{4C3F7A7B-F93E-46FE-9E6C-B867C10F22FC}.Release|iPhone.Build.0 = Release|Any CPU
		{4C3F7A7B-F93E-46FE-9E6C-B867C10F22FC}.Release|iPhoneSimulator.ActiveCfg = Release|Any CPU
		{4C3F7A7B-F93E-46FE-9E6C-B867C10F22FC}.Release|iPhoneSimulator.Build.0 = Release|Any CPU
		{4C3F7A7B-F93E-46FE-9E6C-B867C10F22FC}.Release|x64.ActiveCfg = Release|Any CPU
		{4C3F7A7B-F93E-46FE-9E6C-B867C10F22FC}.Release|x64.Build.0 = Release|Any CPU
		{4C3F7A7B-F93E-46FE-9E6C-B867C10F22FC}.Release|x86.ActiveCfg = Release|Any CPU
		{4C3F7A7B-F93E-46FE-9E6C-B867C10F22FC}.Release|x86.Build.0 = Release|Any CPU
		{8E5011E4-2895-4873-9EA8-6BD8BA959C28}.Ad-Hoc|Any CPU.ActiveCfg = Release|x86
		{8E5011E4-2895-4873-9EA8-6BD8BA959C28}.Ad-Hoc|Any CPU.Build.0 = Release|x86
		{8E5011E4-2895-4873-9EA8-6BD8BA959C28}.Ad-Hoc|Any CPU.Deploy.0 = Release|x86
		{8E5011E4-2895-4873-9EA8-6BD8BA959C28}.Ad-Hoc|ARM.ActiveCfg = Release|ARM
		{8E5011E4-2895-4873-9EA8-6BD8BA959C28}.Ad-Hoc|ARM.Build.0 = Release|ARM
		{8E5011E4-2895-4873-9EA8-6BD8BA959C28}.Ad-Hoc|ARM.Deploy.0 = Release|ARM
		{8E5011E4-2895-4873-9EA8-6BD8BA959C28}.Ad-Hoc|iPhone.ActiveCfg = Release|x86
		{8E5011E4-2895-4873-9EA8-6BD8BA959C28}.Ad-Hoc|iPhone.Build.0 = Release|x86
		{8E5011E4-2895-4873-9EA8-6BD8BA959C28}.Ad-Hoc|iPhone.Deploy.0 = Release|x86
		{8E5011E4-2895-4873-9EA8-6BD8BA959C28}.Ad-Hoc|iPhoneSimulator.ActiveCfg = Release|x86
		{8E5011E4-2895-4873-9EA8-6BD8BA959C28}.Ad-Hoc|iPhoneSimulator.Build.0 = Release|x86
		{8E5011E4-2895-4873-9EA8-6BD8BA959C28}.Ad-Hoc|iPhoneSimulator.Deploy.0 = Release|x86
		{8E5011E4-2895-4873-9EA8-6BD8BA959C28}.Ad-Hoc|x64.ActiveCfg = Release|x64
		{8E5011E4-2895-4873-9EA8-6BD8BA959C28}.Ad-Hoc|x64.Build.0 = Release|x64
		{8E5011E4-2895-4873-9EA8-6BD8BA959C28}.Ad-Hoc|x64.Deploy.0 = Release|x64
		{8E5011E4-2895-4873-9EA8-6BD8BA959C28}.Ad-Hoc|x86.ActiveCfg = Release|x86
		{8E5011E4-2895-4873-9EA8-6BD8BA959C28}.Ad-Hoc|x86.Build.0 = Release|x86
		{8E5011E4-2895-4873-9EA8-6BD8BA959C28}.Ad-Hoc|x86.Deploy.0 = Release|x86
		{8E5011E4-2895-4873-9EA8-6BD8BA959C28}.AppStore|Any CPU.ActiveCfg = Release|x86
		{8E5011E4-2895-4873-9EA8-6BD8BA959C28}.AppStore|Any CPU.Build.0 = Release|x86
		{8E5011E4-2895-4873-9EA8-6BD8BA959C28}.AppStore|Any CPU.Deploy.0 = Release|x86
		{8E5011E4-2895-4873-9EA8-6BD8BA959C28}.AppStore|ARM.ActiveCfg = Release|ARM
		{8E5011E4-2895-4873-9EA8-6BD8BA959C28}.AppStore|ARM.Build.0 = Release|ARM
		{8E5011E4-2895-4873-9EA8-6BD8BA959C28}.AppStore|ARM.Deploy.0 = Release|ARM
		{8E5011E4-2895-4873-9EA8-6BD8BA959C28}.AppStore|iPhone.ActiveCfg = Release|x86
		{8E5011E4-2895-4873-9EA8-6BD8BA959C28}.AppStore|iPhone.Build.0 = Release|x86
		{8E5011E4-2895-4873-9EA8-6BD8BA959C28}.AppStore|iPhone.Deploy.0 = Release|x86
		{8E5011E4-2895-4873-9EA8-6BD8BA959C28}.AppStore|iPhoneSimulator.ActiveCfg = Release|x86
		{8E5011E4-2895-4873-9EA8-6BD8BA959C28}.AppStore|iPhoneSimulator.Build.0 = Release|x86
		{8E5011E4-2895-4873-9EA8-6BD8BA959C28}.AppStore|iPhoneSimulator.Deploy.0 = Release|x86
		{8E5011E4-2895-4873-9EA8-6BD8BA959C28}.AppStore|x64.ActiveCfg = Release|x64
		{8E5011E4-2895-4873-9EA8-6BD8BA959C28}.AppStore|x64.Build.0 = Release|x64
		{8E5011E4-2895-4873-9EA8-6BD8BA959C28}.AppStore|x64.Deploy.0 = Release|x64
		{8E5011E4-2895-4873-9EA8-6BD8BA959C28}.AppStore|x86.ActiveCfg = Release|x86
		{8E5011E4-2895-4873-9EA8-6BD8BA959C28}.AppStore|x86.Build.0 = Release|x86
		{8E5011E4-2895-4873-9EA8-6BD8BA959C28}.AppStore|x86.Deploy.0 = Release|x86
		{8E5011E4-2895-4873-9EA8-6BD8BA959C28}.Debug|Any CPU.ActiveCfg = Debug|x86
		{8E5011E4-2895-4873-9EA8-6BD8BA959C28}.Debug|ARM.ActiveCfg = Debug|ARM
		{8E5011E4-2895-4873-9EA8-6BD8BA959C28}.Debug|ARM.Build.0 = Debug|ARM
		{8E5011E4-2895-4873-9EA8-6BD8BA959C28}.Debug|ARM.Deploy.0 = Debug|ARM
		{8E5011E4-2895-4873-9EA8-6BD8BA959C28}.Debug|iPhone.ActiveCfg = Debug|x86
		{8E5011E4-2895-4873-9EA8-6BD8BA959C28}.Debug|iPhoneSimulator.ActiveCfg = Debug|x86
		{8E5011E4-2895-4873-9EA8-6BD8BA959C28}.Debug|x64.ActiveCfg = Debug|x64
		{8E5011E4-2895-4873-9EA8-6BD8BA959C28}.Debug|x64.Build.0 = Debug|x64
		{8E5011E4-2895-4873-9EA8-6BD8BA959C28}.Debug|x64.Deploy.0 = Debug|x64
		{8E5011E4-2895-4873-9EA8-6BD8BA959C28}.Debug|x86.ActiveCfg = Debug|x86
		{8E5011E4-2895-4873-9EA8-6BD8BA959C28}.Debug|x86.Build.0 = Debug|x86
		{8E5011E4-2895-4873-9EA8-6BD8BA959C28}.Debug|x86.Deploy.0 = Debug|x86
		{8E5011E4-2895-4873-9EA8-6BD8BA959C28}.Release|Any CPU.ActiveCfg = Release|x86
		{8E5011E4-2895-4873-9EA8-6BD8BA959C28}.Release|ARM.ActiveCfg = Release|ARM
		{8E5011E4-2895-4873-9EA8-6BD8BA959C28}.Release|ARM.Build.0 = Release|ARM
		{8E5011E4-2895-4873-9EA8-6BD8BA959C28}.Release|ARM.Deploy.0 = Release|ARM
		{8E5011E4-2895-4873-9EA8-6BD8BA959C28}.Release|iPhone.ActiveCfg = Release|x86
		{8E5011E4-2895-4873-9EA8-6BD8BA959C28}.Release|iPhoneSimulator.ActiveCfg = Release|x86
		{8E5011E4-2895-4873-9EA8-6BD8BA959C28}.Release|x64.ActiveCfg = Release|x64
		{8E5011E4-2895-4873-9EA8-6BD8BA959C28}.Release|x64.Build.0 = Release|x64
		{8E5011E4-2895-4873-9EA8-6BD8BA959C28}.Release|x64.Deploy.0 = Release|x64
		{8E5011E4-2895-4873-9EA8-6BD8BA959C28}.Release|x86.ActiveCfg = Release|x86
		{8E5011E4-2895-4873-9EA8-6BD8BA959C28}.Release|x86.Build.0 = Release|x86
		{8E5011E4-2895-4873-9EA8-6BD8BA959C28}.Release|x86.Deploy.0 = Release|x86
		{B2EF66F0-6128-44F9-A052-DCA5D49CD420}.Ad-Hoc|Any CPU.ActiveCfg = Ad-Hoc|iPhone
		{B2EF66F0-6128-44F9-A052-DCA5D49CD420}.Ad-Hoc|ARM.ActiveCfg = Ad-Hoc|iPhone
		{B2EF66F0-6128-44F9-A052-DCA5D49CD420}.Ad-Hoc|iPhone.ActiveCfg = Ad-Hoc|iPhone
		{B2EF66F0-6128-44F9-A052-DCA5D49CD420}.Ad-Hoc|iPhone.Build.0 = Ad-Hoc|iPhone
		{B2EF66F0-6128-44F9-A052-DCA5D49CD420}.Ad-Hoc|iPhoneSimulator.ActiveCfg = Ad-Hoc|iPhoneSimulator
		{B2EF66F0-6128-44F9-A052-DCA5D49CD420}.Ad-Hoc|iPhoneSimulator.Build.0 = Ad-Hoc|iPhoneSimulator
		{B2EF66F0-6128-44F9-A052-DCA5D49CD420}.Ad-Hoc|x64.ActiveCfg = Ad-Hoc|iPhone
		{B2EF66F0-6128-44F9-A052-DCA5D49CD420}.Ad-Hoc|x86.ActiveCfg = Ad-Hoc|iPhone
		{B2EF66F0-6128-44F9-A052-DCA5D49CD420}.AppStore|Any CPU.ActiveCfg = AppStore|iPhone
		{B2EF66F0-6128-44F9-A052-DCA5D49CD420}.AppStore|ARM.ActiveCfg = AppStore|iPhone
		{B2EF66F0-6128-44F9-A052-DCA5D49CD420}.AppStore|iPhone.ActiveCfg = AppStore|iPhone
		{B2EF66F0-6128-44F9-A052-DCA5D49CD420}.AppStore|iPhone.Build.0 = AppStore|iPhone
		{B2EF66F0-6128-44F9-A052-DCA5D49CD420}.AppStore|iPhoneSimulator.ActiveCfg = AppStore|iPhoneSimulator
		{B2EF66F0-6128-44F9-A052-DCA5D49CD420}.AppStore|iPhoneSimulator.Build.0 = AppStore|iPhoneSimulator
		{B2EF66F0-6128-44F9-A052-DCA5D49CD420}.AppStore|x64.ActiveCfg = AppStore|iPhone
		{B2EF66F0-6128-44F9-A052-DCA5D49CD420}.AppStore|x86.ActiveCfg = AppStore|iPhone
		{B2EF66F0-6128-44F9-A052-DCA5D49CD420}.Debug|Any CPU.ActiveCfg = Debug|iPhone
		{B2EF66F0-6128-44F9-A052-DCA5D49CD420}.Debug|ARM.ActiveCfg = Debug|iPhone
		{B2EF66F0-6128-44F9-A052-DCA5D49CD420}.Debug|iPhone.ActiveCfg = Debug|iPhone
		{B2EF66F0-6128-44F9-A052-DCA5D49CD420}.Debug|iPhone.Build.0 = Debug|iPhone
		{B2EF66F0-6128-44F9-A052-DCA5D49CD420}.Debug|iPhoneSimulator.ActiveCfg = Debug|iPhoneSimulator
		{B2EF66F0-6128-44F9-A052-DCA5D49CD420}.Debug|iPhoneSimulator.Build.0 = Debug|iPhoneSimulator
		{B2EF66F0-6128-44F9-A052-DCA5D49CD420}.Debug|x64.ActiveCfg = Debug|iPhone
		{B2EF66F0-6128-44F9-A052-DCA5D49CD420}.Debug|x86.ActiveCfg = Debug|iPhone
		{B2EF66F0-6128-44F9-A052-DCA5D49CD420}.Release|Any CPU.ActiveCfg = Release|iPhone
		{B2EF66F0-6128-44F9-A052-DCA5D49CD420}.Release|ARM.ActiveCfg = Release|iPhone
		{B2EF66F0-6128-44F9-A052-DCA5D49CD420}.Release|iPhone.ActiveCfg = Release|iPhone
		{B2EF66F0-6128-44F9-A052-DCA5D49CD420}.Release|iPhone.Build.0 = Release|iPhone
		{B2EF66F0-6128-44F9-A052-DCA5D49CD420}.Release|iPhoneSimulator.ActiveCfg = Release|iPhoneSimulator
		{B2EF66F0-6128-44F9-A052-DCA5D49CD420}.Release|iPhoneSimulator.Build.0 = Release|iPhoneSimulator
		{B2EF66F0-6128-44F9-A052-DCA5D49CD420}.Release|x64.ActiveCfg = Release|iPhone
		{B2EF66F0-6128-44F9-A052-DCA5D49CD420}.Release|x86.ActiveCfg = Release|iPhone
		{79689713-3A51-42D0-B1FA-F3C4F9B064D8}.Ad-Hoc|Any CPU.ActiveCfg = Release|Any CPU
		{79689713-3A51-42D0-B1FA-F3C4F9B064D8}.Ad-Hoc|Any CPU.Build.0 = Release|Any CPU
		{79689713-3A51-42D0-B1FA-F3C4F9B064D8}.Ad-Hoc|ARM.ActiveCfg = Release|Any CPU
		{79689713-3A51-42D0-B1FA-F3C4F9B064D8}.Ad-Hoc|ARM.Build.0 = Release|Any CPU
		{79689713-3A51-42D0-B1FA-F3C4F9B064D8}.Ad-Hoc|iPhone.ActiveCfg = Release|Any CPU
		{79689713-3A51-42D0-B1FA-F3C4F9B064D8}.Ad-Hoc|iPhone.Build.0 = Release|Any CPU
		{79689713-3A51-42D0-B1FA-F3C4F9B064D8}.Ad-Hoc|iPhoneSimulator.ActiveCfg = Release|Any CPU
		{79689713-3A51-42D0-B1FA-F3C4F9B064D8}.Ad-Hoc|iPhoneSimulator.Build.0 = Release|Any CPU
		{79689713-3A51-42D0-B1FA-F3C4F9B064D8}.Ad-Hoc|x64.ActiveCfg = Release|Any CPU
		{79689713-3A51-42D0-B1FA-F3C4F9B064D8}.Ad-Hoc|x64.Build.0 = Release|Any CPU
		{79689713-3A51-42D0-B1FA-F3C4F9B064D8}.Ad-Hoc|x86.ActiveCfg = Release|Any CPU
		{79689713-3A51-42D0-B1FA-F3C4F9B064D8}.Ad-Hoc|x86.Build.0 = Release|Any CPU
		{79689713-3A51-42D0-B1FA-F3C4F9B064D8}.AppStore|Any CPU.ActiveCfg = Release|Any CPU
		{79689713-3A51-42D0-B1FA-F3C4F9B064D8}.AppStore|Any CPU.Build.0 = Release|Any CPU
		{79689713-3A51-42D0-B1FA-F3C4F9B064D8}.AppStore|ARM.ActiveCfg = Release|Any CPU
		{79689713-3A51-42D0-B1FA-F3C4F9B064D8}.AppStore|ARM.Build.0 = Release|Any CPU
		{79689713-3A51-42D0-B1FA-F3C4F9B064D8}.AppStore|iPhone.ActiveCfg = Release|Any CPU
		{79689713-3A51-42D0-B1FA-F3C4F9B064D8}.AppStore|iPhone.Build.0 = Release|Any CPU
		{79689713-3A51-42D0-B1FA-F3C4F9B064D8}.AppStore|iPhoneSimulator.ActiveCfg = Release|Any CPU
		{79689713-3A51-42D0-B1FA-F3C4F9B064D8}.AppStore|iPhoneSimulator.Build.0 = Release|Any CPU
		{79689713-3A51-42D0-B1FA-F3C4F9B064D8}.AppStore|x64.ActiveCfg = Release|Any CPU
		{79689713-3A51-42D0-B1FA-F3C4F9B064D8}.AppStore|x64.Build.0 = Release|Any CPU
		{79689713-3A51-42D0-B1FA-F3C4F9B064D8}.AppStore|x86.ActiveCfg = Release|Any CPU
		{79689713-3A51-42D0-B1FA-F3C4F9B064D8}.AppStore|x86.Build.0 = Release|Any CPU
		{79689713-3A51-42D0-B1FA-F3C4F9B064D8}.Debug|Any CPU.ActiveCfg = Debug|Any CPU
		{79689713-3A51-42D0-B1FA-F3C4F9B064D8}.Debug|Any CPU.Build.0 = Debug|Any CPU
		{79689713-3A51-42D0-B1FA-F3C4F9B064D8}.Debug|ARM.ActiveCfg = Debug|Any CPU
		{79689713-3A51-42D0-B1FA-F3C4F9B064D8}.Debug|ARM.Build.0 = Debug|Any CPU
		{79689713-3A51-42D0-B1FA-F3C4F9B064D8}.Debug|iPhone.ActiveCfg = Debug|Any CPU
		{79689713-3A51-42D0-B1FA-F3C4F9B064D8}.Debug|iPhone.Build.0 = Debug|Any CPU
		{79689713-3A51-42D0-B1FA-F3C4F9B064D8}.Debug|iPhoneSimulator.ActiveCfg = Debug|Any CPU
		{79689713-3A51-42D0-B1FA-F3C4F9B064D8}.Debug|iPhoneSimulator.Build.0 = Debug|Any CPU
		{79689713-3A51-42D0-B1FA-F3C4F9B064D8}.Debug|x64.ActiveCfg = Debug|Any CPU
		{79689713-3A51-42D0-B1FA-F3C4F9B064D8}.Debug|x64.Build.0 = Debug|Any CPU
		{79689713-3A51-42D0-B1FA-F3C4F9B064D8}.Debug|x86.ActiveCfg = Debug|Any CPU
		{79689713-3A51-42D0-B1FA-F3C4F9B064D8}.Debug|x86.Build.0 = Debug|Any CPU
		{79689713-3A51-42D0-B1FA-F3C4F9B064D8}.Release|Any CPU.ActiveCfg = Release|Any CPU
		{79689713-3A51-42D0-B1FA-F3C4F9B064D8}.Release|Any CPU.Build.0 = Release|Any CPU
		{79689713-3A51-42D0-B1FA-F3C4F9B064D8}.Release|ARM.ActiveCfg = Release|Any CPU
		{79689713-3A51-42D0-B1FA-F3C4F9B064D8}.Release|ARM.Build.0 = Release|Any CPU
		{79689713-3A51-42D0-B1FA-F3C4F9B064D8}.Release|iPhone.ActiveCfg = Release|Any CPU
		{79689713-3A51-42D0-B1FA-F3C4F9B064D8}.Release|iPhone.Build.0 = Release|Any CPU
		{79689713-3A51-42D0-B1FA-F3C4F9B064D8}.Release|iPhoneSimulator.ActiveCfg = Release|Any CPU
		{79689713-3A51-42D0-B1FA-F3C4F9B064D8}.Release|iPhoneSimulator.Build.0 = Release|Any CPU
		{79689713-3A51-42D0-B1FA-F3C4F9B064D8}.Release|x64.ActiveCfg = Release|Any CPU
		{79689713-3A51-42D0-B1FA-F3C4F9B064D8}.Release|x64.Build.0 = Release|Any CPU
		{79689713-3A51-42D0-B1FA-F3C4F9B064D8}.Release|x86.ActiveCfg = Release|Any CPU
		{79689713-3A51-42D0-B1FA-F3C4F9B064D8}.Release|x86.Build.0 = Release|Any CPU
		{5218FB10-1EE7-48E6-83DE-BB8E7F9BDF94}.Ad-Hoc|Any CPU.ActiveCfg = Release|Any CPU
		{5218FB10-1EE7-48E6-83DE-BB8E7F9BDF94}.Ad-Hoc|Any CPU.Build.0 = Release|Any CPU
		{5218FB10-1EE7-48E6-83DE-BB8E7F9BDF94}.Ad-Hoc|ARM.ActiveCfg = Release|Any CPU
		{5218FB10-1EE7-48E6-83DE-BB8E7F9BDF94}.Ad-Hoc|ARM.Build.0 = Release|Any CPU
		{5218FB10-1EE7-48E6-83DE-BB8E7F9BDF94}.Ad-Hoc|iPhone.ActiveCfg = Release|Any CPU
		{5218FB10-1EE7-48E6-83DE-BB8E7F9BDF94}.Ad-Hoc|iPhone.Build.0 = Release|Any CPU
		{5218FB10-1EE7-48E6-83DE-BB8E7F9BDF94}.Ad-Hoc|iPhoneSimulator.ActiveCfg = Release|Any CPU
		{5218FB10-1EE7-48E6-83DE-BB8E7F9BDF94}.Ad-Hoc|iPhoneSimulator.Build.0 = Release|Any CPU
		{5218FB10-1EE7-48E6-83DE-BB8E7F9BDF94}.Ad-Hoc|x64.ActiveCfg = Release|Any CPU
		{5218FB10-1EE7-48E6-83DE-BB8E7F9BDF94}.Ad-Hoc|x64.Build.0 = Release|Any CPU
		{5218FB10-1EE7-48E6-83DE-BB8E7F9BDF94}.Ad-Hoc|x86.ActiveCfg = Release|Any CPU
		{5218FB10-1EE7-48E6-83DE-BB8E7F9BDF94}.Ad-Hoc|x86.Build.0 = Release|Any CPU
		{5218FB10-1EE7-48E6-83DE-BB8E7F9BDF94}.AppStore|Any CPU.ActiveCfg = Release|Any CPU
		{5218FB10-1EE7-48E6-83DE-BB8E7F9BDF94}.AppStore|Any CPU.Build.0 = Release|Any CPU
		{5218FB10-1EE7-48E6-83DE-BB8E7F9BDF94}.AppStore|ARM.ActiveCfg = Release|Any CPU
		{5218FB10-1EE7-48E6-83DE-BB8E7F9BDF94}.AppStore|ARM.Build.0 = Release|Any CPU
		{5218FB10-1EE7-48E6-83DE-BB8E7F9BDF94}.AppStore|iPhone.ActiveCfg = Release|Any CPU
		{5218FB10-1EE7-48E6-83DE-BB8E7F9BDF94}.AppStore|iPhone.Build.0 = Release|Any CPU
		{5218FB10-1EE7-48E6-83DE-BB8E7F9BDF94}.AppStore|iPhoneSimulator.ActiveCfg = Release|Any CPU
		{5218FB10-1EE7-48E6-83DE-BB8E7F9BDF94}.AppStore|iPhoneSimulator.Build.0 = Release|Any CPU
		{5218FB10-1EE7-48E6-83DE-BB8E7F9BDF94}.AppStore|x64.ActiveCfg = Release|Any CPU
		{5218FB10-1EE7-48E6-83DE-BB8E7F9BDF94}.AppStore|x64.Build.0 = Release|Any CPU
		{5218FB10-1EE7-48E6-83DE-BB8E7F9BDF94}.AppStore|x86.ActiveCfg = Release|Any CPU
		{5218FB10-1EE7-48E6-83DE-BB8E7F9BDF94}.AppStore|x86.Build.0 = Release|Any CPU
		{5218FB10-1EE7-48E6-83DE-BB8E7F9BDF94}.Debug|Any CPU.ActiveCfg = Debug|Any CPU
		{5218FB10-1EE7-48E6-83DE-BB8E7F9BDF94}.Debug|Any CPU.Build.0 = Debug|Any CPU
		{5218FB10-1EE7-48E6-83DE-BB8E7F9BDF94}.Debug|ARM.ActiveCfg = Debug|Any CPU
		{5218FB10-1EE7-48E6-83DE-BB8E7F9BDF94}.Debug|ARM.Build.0 = Debug|Any CPU
		{5218FB10-1EE7-48E6-83DE-BB8E7F9BDF94}.Debug|iPhone.ActiveCfg = Debug|Any CPU
		{5218FB10-1EE7-48E6-83DE-BB8E7F9BDF94}.Debug|iPhone.Build.0 = Debug|Any CPU
		{5218FB10-1EE7-48E6-83DE-BB8E7F9BDF94}.Debug|iPhoneSimulator.ActiveCfg = Debug|Any CPU
		{5218FB10-1EE7-48E6-83DE-BB8E7F9BDF94}.Debug|iPhoneSimulator.Build.0 = Debug|Any CPU
		{5218FB10-1EE7-48E6-83DE-BB8E7F9BDF94}.Debug|x64.ActiveCfg = Debug|Any CPU
		{5218FB10-1EE7-48E6-83DE-BB8E7F9BDF94}.Debug|x64.Build.0 = Debug|Any CPU
		{5218FB10-1EE7-48E6-83DE-BB8E7F9BDF94}.Debug|x86.ActiveCfg = Debug|Any CPU
		{5218FB10-1EE7-48E6-83DE-BB8E7F9BDF94}.Debug|x86.Build.0 = Debug|Any CPU
		{5218FB10-1EE7-48E6-83DE-BB8E7F9BDF94}.Release|Any CPU.ActiveCfg = Release|Any CPU
		{5218FB10-1EE7-48E6-83DE-BB8E7F9BDF94}.Release|Any CPU.Build.0 = Release|Any CPU
		{5218FB10-1EE7-48E6-83DE-BB8E7F9BDF94}.Release|ARM.ActiveCfg = Release|Any CPU
		{5218FB10-1EE7-48E6-83DE-BB8E7F9BDF94}.Release|ARM.Build.0 = Release|Any CPU
		{5218FB10-1EE7-48E6-83DE-BB8E7F9BDF94}.Release|iPhone.ActiveCfg = Release|Any CPU
		{5218FB10-1EE7-48E6-83DE-BB8E7F9BDF94}.Release|iPhone.Build.0 = Release|Any CPU
		{5218FB10-1EE7-48E6-83DE-BB8E7F9BDF94}.Release|iPhoneSimulator.ActiveCfg = Release|Any CPU
		{5218FB10-1EE7-48E6-83DE-BB8E7F9BDF94}.Release|iPhoneSimulator.Build.0 = Release|Any CPU
		{5218FB10-1EE7-48E6-83DE-BB8E7F9BDF94}.Release|x64.ActiveCfg = Release|Any CPU
		{5218FB10-1EE7-48E6-83DE-BB8E7F9BDF94}.Release|x64.Build.0 = Release|Any CPU
		{5218FB10-1EE7-48E6-83DE-BB8E7F9BDF94}.Release|x86.ActiveCfg = Release|Any CPU
		{5218FB10-1EE7-48E6-83DE-BB8E7F9BDF94}.Release|x86.Build.0 = Release|Any CPU
		{C5E90A71-5E7E-4978-AEEE-D1218FECDE39}.Ad-Hoc|Any CPU.ActiveCfg = Release|Any CPU
		{C5E90A71-5E7E-4978-AEEE-D1218FECDE39}.Ad-Hoc|Any CPU.Build.0 = Release|Any CPU
		{C5E90A71-5E7E-4978-AEEE-D1218FECDE39}.Ad-Hoc|ARM.ActiveCfg = Release|Any CPU
		{C5E90A71-5E7E-4978-AEEE-D1218FECDE39}.Ad-Hoc|ARM.Build.0 = Release|Any CPU
		{C5E90A71-5E7E-4978-AEEE-D1218FECDE39}.Ad-Hoc|iPhone.ActiveCfg = Release|Any CPU
		{C5E90A71-5E7E-4978-AEEE-D1218FECDE39}.Ad-Hoc|iPhone.Build.0 = Release|Any CPU
		{C5E90A71-5E7E-4978-AEEE-D1218FECDE39}.Ad-Hoc|iPhoneSimulator.ActiveCfg = Release|Any CPU
		{C5E90A71-5E7E-4978-AEEE-D1218FECDE39}.Ad-Hoc|iPhoneSimulator.Build.0 = Release|Any CPU
		{C5E90A71-5E7E-4978-AEEE-D1218FECDE39}.Ad-Hoc|x64.ActiveCfg = Release|Any CPU
		{C5E90A71-5E7E-4978-AEEE-D1218FECDE39}.Ad-Hoc|x64.Build.0 = Release|Any CPU
		{C5E90A71-5E7E-4978-AEEE-D1218FECDE39}.Ad-Hoc|x86.ActiveCfg = Release|Any CPU
		{C5E90A71-5E7E-4978-AEEE-D1218FECDE39}.Ad-Hoc|x86.Build.0 = Release|Any CPU
		{C5E90A71-5E7E-4978-AEEE-D1218FECDE39}.AppStore|Any CPU.ActiveCfg = Release|Any CPU
		{C5E90A71-5E7E-4978-AEEE-D1218FECDE39}.AppStore|Any CPU.Build.0 = Release|Any CPU
		{C5E90A71-5E7E-4978-AEEE-D1218FECDE39}.AppStore|ARM.ActiveCfg = Release|Any CPU
		{C5E90A71-5E7E-4978-AEEE-D1218FECDE39}.AppStore|ARM.Build.0 = Release|Any CPU
		{C5E90A71-5E7E-4978-AEEE-D1218FECDE39}.AppStore|iPhone.ActiveCfg = Release|Any CPU
		{C5E90A71-5E7E-4978-AEEE-D1218FECDE39}.AppStore|iPhone.Build.0 = Release|Any CPU
		{C5E90A71-5E7E-4978-AEEE-D1218FECDE39}.AppStore|iPhoneSimulator.ActiveCfg = Release|Any CPU
		{C5E90A71-5E7E-4978-AEEE-D1218FECDE39}.AppStore|iPhoneSimulator.Build.0 = Release|Any CPU
		{C5E90A71-5E7E-4978-AEEE-D1218FECDE39}.AppStore|x64.ActiveCfg = Release|Any CPU
		{C5E90A71-5E7E-4978-AEEE-D1218FECDE39}.AppStore|x64.Build.0 = Release|Any CPU
		{C5E90A71-5E7E-4978-AEEE-D1218FECDE39}.AppStore|x86.ActiveCfg = Release|Any CPU
		{C5E90A71-5E7E-4978-AEEE-D1218FECDE39}.AppStore|x86.Build.0 = Release|Any CPU
		{C5E90A71-5E7E-4978-AEEE-D1218FECDE39}.Debug|Any CPU.ActiveCfg = Debug|Any CPU
		{C5E90A71-5E7E-4978-AEEE-D1218FECDE39}.Debug|Any CPU.Build.0 = Debug|Any CPU
		{C5E90A71-5E7E-4978-AEEE-D1218FECDE39}.Debug|ARM.ActiveCfg = Debug|Any CPU
		{C5E90A71-5E7E-4978-AEEE-D1218FECDE39}.Debug|ARM.Build.0 = Debug|Any CPU
		{C5E90A71-5E7E-4978-AEEE-D1218FECDE39}.Debug|iPhone.ActiveCfg = Debug|Any CPU
		{C5E90A71-5E7E-4978-AEEE-D1218FECDE39}.Debug|iPhone.Build.0 = Debug|Any CPU
		{C5E90A71-5E7E-4978-AEEE-D1218FECDE39}.Debug|iPhoneSimulator.ActiveCfg = Debug|Any CPU
		{C5E90A71-5E7E-4978-AEEE-D1218FECDE39}.Debug|iPhoneSimulator.Build.0 = Debug|Any CPU
		{C5E90A71-5E7E-4978-AEEE-D1218FECDE39}.Debug|x64.ActiveCfg = Debug|Any CPU
		{C5E90A71-5E7E-4978-AEEE-D1218FECDE39}.Debug|x64.Build.0 = Debug|Any CPU
		{C5E90A71-5E7E-4978-AEEE-D1218FECDE39}.Debug|x86.ActiveCfg = Debug|Any CPU
		{C5E90A71-5E7E-4978-AEEE-D1218FECDE39}.Debug|x86.Build.0 = Debug|Any CPU
		{C5E90A71-5E7E-4978-AEEE-D1218FECDE39}.Release|Any CPU.ActiveCfg = Release|Any CPU
		{C5E90A71-5E7E-4978-AEEE-D1218FECDE39}.Release|Any CPU.Build.0 = Release|Any CPU
		{C5E90A71-5E7E-4978-AEEE-D1218FECDE39}.Release|ARM.ActiveCfg = Release|Any CPU
		{C5E90A71-5E7E-4978-AEEE-D1218FECDE39}.Release|ARM.Build.0 = Release|Any CPU
		{C5E90A71-5E7E-4978-AEEE-D1218FECDE39}.Release|iPhone.ActiveCfg = Release|Any CPU
		{C5E90A71-5E7E-4978-AEEE-D1218FECDE39}.Release|iPhone.Build.0 = Release|Any CPU
		{C5E90A71-5E7E-4978-AEEE-D1218FECDE39}.Release|iPhoneSimulator.ActiveCfg = Release|Any CPU
		{C5E90A71-5E7E-4978-AEEE-D1218FECDE39}.Release|iPhoneSimulator.Build.0 = Release|Any CPU
		{C5E90A71-5E7E-4978-AEEE-D1218FECDE39}.Release|x64.ActiveCfg = Release|Any CPU
		{C5E90A71-5E7E-4978-AEEE-D1218FECDE39}.Release|x64.Build.0 = Release|Any CPU
		{C5E90A71-5E7E-4978-AEEE-D1218FECDE39}.Release|x86.ActiveCfg = Release|Any CPU
		{C5E90A71-5E7E-4978-AEEE-D1218FECDE39}.Release|x86.Build.0 = Release|Any CPU
	EndGlobalSection
	GlobalSection(SolutionProperties) = preSolution
		HideSolutionNode = FALSE
	EndGlobalSection
	GlobalSection(ExtensibilityGlobals) = postSolution
		SolutionGuid = {387BA858-B9A7-47CD-A2F9-C130651776B0}
	EndGlobalSection
EndGlobal
